// !$*UTF8*$!
{
	archiveVersion = 1;
	classes = {
	};
	objectVersion = 55;
	objects = {

/* Begin PBXBuildFile section */
		BE5B8DDE276AA0710060C847 /* AppDelegate.swift in Sources */ = {isa = PBXBuildFile; fileRef = BE5B8DDD276AA0710060C847 /* AppDelegate.swift */; };
		BE5B8DE7276AA0750060C847 /* Assets.xcassets in Resources */ = {isa = PBXBuildFile; fileRef = BE5B8DE6276AA0750060C847 /* Assets.xcassets */; };
		BE5B8DEA276AA0750060C847 /* LaunchScreen.storyboard in Resources */ = {isa = PBXBuildFile; fileRef = BE5B8DE8276AA0750060C847 /* LaunchScreen.storyboard */; };
		BE5B8DF8276AA6740060C847 /* Alias.swift in Sources */ = {isa = PBXBuildFile; fileRef = BE5B8DF7276AA6740060C847 /* Alias.swift */; };
		BE5B8DFB276AA6810060C847 /* NetworkExtensions.swift in Sources */ = {isa = PBXBuildFile; fileRef = BE5B8DFA276AA6810060C847 /* NetworkExtensions.swift */; };
		BE5B8DFD276AA6960060C847 /* Core.swift in Sources */ = {isa = PBXBuildFile; fileRef = BE5B8DFC276AA6960060C847 /* Core.swift */; };
		BE5B8DFF276AA69D0060C847 /* Log.swift in Sources */ = {isa = PBXBuildFile; fileRef = BE5B8DFE276AA69D0060C847 /* Log.swift */; };
		BE5B8E01276AA6A60060C847 /* Request.swift in Sources */ = {isa = PBXBuildFile; fileRef = BE5B8E00276AA6A60060C847 /* Request.swift */; };
		BE5B8E03276AA6C10060C847 /* EndPoint.swift in Sources */ = {isa = PBXBuildFile; fileRef = BE5B8E02276AA6C10060C847 /* EndPoint.swift */; };
		BE5B8E06276AA6DB0060C847 /* Session.swift in Sources */ = {isa = PBXBuildFile; fileRef = BE5B8E05276AA6DB0060C847 /* Session.swift */; };
		BE5B8E08276AA6E50060C847 /* NetworkServiceInterfaces.swift in Sources */ = {isa = PBXBuildFile; fileRef = BE5B8E07276AA6E50060C847 /* NetworkServiceInterfaces.swift */; };
		BE5B8E0A276AA90C0060C847 /* Error.swift in Sources */ = {isa = PBXBuildFile; fileRef = BE5B8E09276AA90C0060C847 /* Error.swift */; };
		BE5B8E0C276AAA9F0060C847 /* Configuration.swift in Sources */ = {isa = PBXBuildFile; fileRef = BE5B8E0B276AAA9F0060C847 /* Configuration.swift */; };
		BEDB9783276B52540014A5FA /* Restaurant.swift in Sources */ = {isa = PBXBuildFile; fileRef = BEDB9782276B52540014A5FA /* Restaurant.swift */; };
		BEDB9789276B54160014A5FA /* ServiceBoundaries.swift in Sources */ = {isa = PBXBuildFile; fileRef = BEDB9788276B54160014A5FA /* ServiceBoundaries.swift */; };
		BEDB978B276B542C0014A5FA /* Restaurant+DTO.swift in Sources */ = {isa = PBXBuildFile; fileRef = BEDB978A276B542C0014A5FA /* Restaurant+DTO.swift */; };
		BEDB978E276B593B0014A5FA /* ServiceRequest.swift in Sources */ = {isa = PBXBuildFile; fileRef = BEDB978D276B593B0014A5FA /* ServiceRequest.swift */; };
		BEDB9791276B598D0014A5FA /* ServiceEndPoint.swift in Sources */ = {isa = PBXBuildFile; fileRef = BEDB9790276B598D0014A5FA /* ServiceEndPoint.swift */; };
		BEDB9796276B60CD0014A5FA /* RestaurantRepositoryListInterface.swift in Sources */ = {isa = PBXBuildFile; fileRef = BEDB9795276B60CD0014A5FA /* RestaurantRepositoryListInterface.swift */; };
		BEDB9799276B771B0014A5FA /* RepositoryRestaurantList.swift in Sources */ = {isa = PBXBuildFile; fileRef = BEDB9798276B771B0014A5FA /* RepositoryRestaurantList.swift */; };
		BEDB979C276B77E30014A5FA /* Decoder.swift in Sources */ = {isa = PBXBuildFile; fileRef = BEDB979B276B77E30014A5FA /* Decoder.swift */; };
		BEDB97A3276B81260014A5FA /* testRestaurantRepository.swift in Sources */ = {isa = PBXBuildFile; fileRef = BEDB97A2276B81260014A5FA /* testRestaurantRepository.swift */; };
		BEDB97AC276B81810014A5FA /* testBasicRequest.swift in Sources */ = {isa = PBXBuildFile; fileRef = BEDB9780276B44B60014A5FA /* testBasicRequest.swift */; };
		BEDB97CA276B8A960014A5FA /* Restaurant-getlist-usercase.swift in Sources */ = {isa = PBXBuildFile; fileRef = BEDB97C9276B8A960014A5FA /* Restaurant-getlist-usercase.swift */; };
		BEDB97CC276B8B270014A5FA /* Restaurant-saveFav-usercase.swift in Sources */ = {isa = PBXBuildFile; fileRef = BEDB97CB276B8B270014A5FA /* Restaurant-saveFav-usercase.swift */; };
		BEDB97CE276B8B380014A5FA /* Restaurant-getFav-usercase.swift in Sources */ = {isa = PBXBuildFile; fileRef = BEDB97CD276B8B380014A5FA /* Restaurant-getFav-usercase.swift */; };
		BEDB97D1276B91250014A5FA /* Usercase.swift in Sources */ = {isa = PBXBuildFile; fileRef = BEDB97D0276B91250014A5FA /* Usercase.swift */; };
		BEDB97D7276BA0040014A5FA /* testRestaurantUserCases.swift in Sources */ = {isa = PBXBuildFile; fileRef = BEDB97D6276BA0040014A5FA /* testRestaurantUserCases.swift */; };
		BEDB97DD276BA4130014A5FA /* RestaurantRepositoryFavouriteInterface.swift in Sources */ = {isa = PBXBuildFile; fileRef = BEDB97DC276BA4130014A5FA /* RestaurantRepositoryFavouriteInterface.swift */; };
		BEDB97DF276BA6330014A5FA /* RepositoryRestaurantFavourite.swift in Sources */ = {isa = PBXBuildFile; fileRef = BEDB97DE276BA6330014A5FA /* RepositoryRestaurantFavourite.swift */; };
		BEDB97E4276BADD20014A5FA /* PersistenceStorageInterface.swift in Sources */ = {isa = PBXBuildFile; fileRef = BEDB97E3276BADD20014A5FA /* PersistenceStorageInterface.swift */; };
		BEDB97EA276BBE1F0014A5FA /* LocalDataStorage.swift in Sources */ = {isa = PBXBuildFile; fileRef = BEDB97E9276BBE1F0014A5FA /* LocalDataStorage.swift */; };
		BEDB97EE276BC0010014A5FA /* LocalDataStorage.xcdatamodeld in Sources */ = {isa = PBXBuildFile; fileRef = BEDB97EC276BC0010014A5FA /* LocalDataStorage.xcdatamodeld */; };
		BEDB97F1276BE8220014A5FA /* RestaurantEntity+Mapping.swift in Sources */ = {isa = PBXBuildFile; fileRef = BEDB97F0276BE8220014A5FA /* RestaurantEntity+Mapping.swift */; };
		BEDB97F5276BFF340014A5FA /* LocalStorageRestaurantFavourite.swift in Sources */ = {isa = PBXBuildFile; fileRef = BEDB97F4276BFF340014A5FA /* LocalStorageRestaurantFavourite.swift */; };
		BEDB97F6276C02190014A5FA /* LocalDataStorage.xcdatamodeld in Sources */ = {isa = PBXBuildFile; fileRef = BEDB97EC276BC0010014A5FA /* LocalDataStorage.xcdatamodeld */; };
		BEDB97FC276C07310014A5FA /* testLocalStorageRestaurant.swift in Sources */ = {isa = PBXBuildFile; fileRef = BEDB97FB276C07310014A5FA /* testLocalStorageRestaurant.swift */; };
		BEDB9804276CAFE30014A5FA /* CacheDataStorage.swift in Sources */ = {isa = PBXBuildFile; fileRef = BEDB9803276CAFE30014A5FA /* CacheDataStorage.swift */; };
		BEDB9806276CC09E0014A5FA /* testCacheStorage.swift in Sources */ = {isa = PBXBuildFile; fileRef = BEDB9805276CC09E0014A5FA /* testCacheStorage.swift */; };
		BEDB9809276CC12C0014A5FA /* CacheStorageInterfaces.swift in Sources */ = {isa = PBXBuildFile; fileRef = BEDB9808276CC12C0014A5FA /* CacheStorageInterfaces.swift */; };
		BEDB980B276CC61C0014A5FA /* Picture-getRestaurantImage-usercase.swift in Sources */ = {isa = PBXBuildFile; fileRef = BEDB980A276CC61C0014A5FA /* Picture-getRestaurantImage-usercase.swift */; };
		BEDB980D276CC83F0014A5FA /* PictureRepository.swift in Sources */ = {isa = PBXBuildFile; fileRef = BEDB980C276CC83F0014A5FA /* PictureRepository.swift */; };
		BEDB9810276CD0840014A5FA /* RepositoryPicture.swift in Sources */ = {isa = PBXBuildFile; fileRef = BEDB980F276CD0840014A5FA /* RepositoryPicture.swift */; };
		BEDB9816276CE0000014A5FA /* RepositoryFactory.swift in Sources */ = {isa = PBXBuildFile; fileRef = BEDB9815276CE0000014A5FA /* RepositoryFactory.swift */; };
		BEDB981A276CE2CB0014A5FA /* ViewModelFactory.swift in Sources */ = {isa = PBXBuildFile; fileRef = BEDB9819276CE2CB0014A5FA /* ViewModelFactory.swift */; };
		BEDB981C276CE2EB0014A5FA /* UsecaseFactory.swift in Sources */ = {isa = PBXBuildFile; fileRef = BEDB981B276CE2EB0014A5FA /* UsecaseFactory.swift */; };
		BEDB981F276CE5700014A5FA /* ServicesFactory.swift in Sources */ = {isa = PBXBuildFile; fileRef = BEDB981E276CE5700014A5FA /* ServicesFactory.swift */; };
		BEDB9823276CED490014A5FA /* testRestaurantPictureRepository.swift in Sources */ = {isa = PBXBuildFile; fileRef = BEDB9822276CED490014A5FA /* testRestaurantPictureRepository.swift */; };
		BEDB9827276D0B9A0014A5FA /* testRestaurantFavouriteRepository.swift in Sources */ = {isa = PBXBuildFile; fileRef = BEDB9826276D0B9A0014A5FA /* testRestaurantFavouriteRepository.swift */; };
		BEDB9829276E41320014A5FA /* testRestaurantFavouriteUsercases.swift in Sources */ = {isa = PBXBuildFile; fileRef = BEDB9828276E41320014A5FA /* testRestaurantFavouriteUsercases.swift */; };
		BEDB982B276E448B0014A5FA /* testRestaurantPictureUsercase.swift in Sources */ = {isa = PBXBuildFile; fileRef = BEDB982A276E448B0014A5FA /* testRestaurantPictureUsercase.swift */; };
		BEDB982D276E45350014A5FA /* Restaurant-removeFav-usercase.swift in Sources */ = {isa = PBXBuildFile; fileRef = BEDB982C276E45350014A5FA /* Restaurant-removeFav-usercase.swift */; };
		BEDB9833276E58700014A5FA /* RestaurantListViewController.swift in Sources */ = {isa = PBXBuildFile; fileRef = BEDB9832276E58700014A5FA /* RestaurantListViewController.swift */; };
		BEDB9835276E58900014A5FA /* RestaurantCell.swift in Sources */ = {isa = PBXBuildFile; fileRef = BEDB9834276E58900014A5FA /* RestaurantCell.swift */; };
		BEDB9838276E593B0014A5FA /* PinLayout in Frameworks */ = {isa = PBXBuildFile; productRef = BEDB9837276E593B0014A5FA /* PinLayout */; };
		BEDB983A276E5C030014A5FA /* CoordinatosFactory.swift in Sources */ = {isa = PBXBuildFile; fileRef = BEDB9839276E5C030014A5FA /* CoordinatosFactory.swift */; };
		BEDB983C276E5CA20014A5FA /* Coordinator.swift in Sources */ = {isa = PBXBuildFile; fileRef = BEDB983B276E5CA20014A5FA /* Coordinator.swift */; };
		BEDB983E276E5CAA0014A5FA /* Router.swift in Sources */ = {isa = PBXBuildFile; fileRef = BEDB983D276E5CAA0014A5FA /* Router.swift */; };
		BEDB9841276E5D110014A5FA /* RestaurantListCoordinator.swift in Sources */ = {isa = PBXBuildFile; fileRef = BEDB9840276E5D110014A5FA /* RestaurantListCoordinator.swift */; };
/* End PBXBuildFile section */

/* Begin PBXContainerItemProxy section */
		BE5B8E49276AAF040060C847 /* PBXContainerItemProxy */ = {
			isa = PBXContainerItemProxy;
			containerPortal = BE5B8DD2276AA0700060C847 /* Project object */;
			proxyType = 1;
			remoteGlobalIDString = BE5B8DD9276AA0700060C847;
			remoteInfo = Minifork;
		};
/* End PBXContainerItemProxy section */

/* Begin PBXFileReference section */
		BE5B8DDA276AA0710060C847 /* Minifork.app */ = {isa = PBXFileReference; explicitFileType = wrapper.application; includeInIndex = 0; path = Minifork.app; sourceTree = BUILT_PRODUCTS_DIR; };
		BE5B8DDD276AA0710060C847 /* AppDelegate.swift */ = {isa = PBXFileReference; lastKnownFileType = sourcecode.swift; path = AppDelegate.swift; sourceTree = "<group>"; };
		BE5B8DE6276AA0750060C847 /* Assets.xcassets */ = {isa = PBXFileReference; lastKnownFileType = folder.assetcatalog; path = Assets.xcassets; sourceTree = "<group>"; };
		BE5B8DE9276AA0750060C847 /* Base */ = {isa = PBXFileReference; lastKnownFileType = file.storyboard; name = Base; path = Base.lproj/LaunchScreen.storyboard; sourceTree = "<group>"; };
		BE5B8DEB276AA0750060C847 /* Info.plist */ = {isa = PBXFileReference; lastKnownFileType = text.plist.xml; path = Info.plist; sourceTree = "<group>"; };
		BE5B8DF7276AA6740060C847 /* Alias.swift */ = {isa = PBXFileReference; lastKnownFileType = sourcecode.swift; path = Alias.swift; sourceTree = "<group>"; };
		BE5B8DFA276AA6810060C847 /* NetworkExtensions.swift */ = {isa = PBXFileReference; lastKnownFileType = sourcecode.swift; path = NetworkExtensions.swift; sourceTree = "<group>"; };
		BE5B8DFC276AA6960060C847 /* Core.swift */ = {isa = PBXFileReference; lastKnownFileType = sourcecode.swift; path = Core.swift; sourceTree = "<group>"; };
		BE5B8DFE276AA69D0060C847 /* Log.swift */ = {isa = PBXFileReference; lastKnownFileType = sourcecode.swift; path = Log.swift; sourceTree = "<group>"; };
		BE5B8E00276AA6A60060C847 /* Request.swift */ = {isa = PBXFileReference; lastKnownFileType = sourcecode.swift; path = Request.swift; sourceTree = "<group>"; };
		BE5B8E02276AA6C10060C847 /* EndPoint.swift */ = {isa = PBXFileReference; lastKnownFileType = sourcecode.swift; path = EndPoint.swift; sourceTree = "<group>"; };
		BE5B8E05276AA6DB0060C847 /* Session.swift */ = {isa = PBXFileReference; lastKnownFileType = sourcecode.swift; path = Session.swift; sourceTree = "<group>"; };
		BE5B8E07276AA6E50060C847 /* NetworkServiceInterfaces.swift */ = {isa = PBXFileReference; lastKnownFileType = sourcecode.swift; path = NetworkServiceInterfaces.swift; sourceTree = "<group>"; };
		BE5B8E09276AA90C0060C847 /* Error.swift */ = {isa = PBXFileReference; lastKnownFileType = sourcecode.swift; path = Error.swift; sourceTree = "<group>"; };
		BE5B8E0B276AAA9F0060C847 /* Configuration.swift */ = {isa = PBXFileReference; lastKnownFileType = sourcecode.swift; path = Configuration.swift; sourceTree = "<group>"; };
		BE5B8E45276AAF040060C847 /* MiniforkTests.xctest */ = {isa = PBXFileReference; explicitFileType = wrapper.cfbundle; includeInIndex = 0; path = MiniforkTests.xctest; sourceTree = BUILT_PRODUCTS_DIR; };
		BEDB9780276B44B60014A5FA /* testBasicRequest.swift */ = {isa = PBXFileReference; lastKnownFileType = sourcecode.swift; path = testBasicRequest.swift; sourceTree = "<group>"; };
		BEDB9782276B52540014A5FA /* Restaurant.swift */ = {isa = PBXFileReference; lastKnownFileType = sourcecode.swift; path = Restaurant.swift; sourceTree = "<group>"; };
		BEDB9788276B54160014A5FA /* ServiceBoundaries.swift */ = {isa = PBXFileReference; lastKnownFileType = sourcecode.swift; path = ServiceBoundaries.swift; sourceTree = "<group>"; };
		BEDB978A276B542C0014A5FA /* Restaurant+DTO.swift */ = {isa = PBXFileReference; lastKnownFileType = sourcecode.swift; path = "Restaurant+DTO.swift"; sourceTree = "<group>"; };
		BEDB978D276B593B0014A5FA /* ServiceRequest.swift */ = {isa = PBXFileReference; lastKnownFileType = sourcecode.swift; path = ServiceRequest.swift; sourceTree = "<group>"; };
		BEDB9790276B598D0014A5FA /* ServiceEndPoint.swift */ = {isa = PBXFileReference; lastKnownFileType = sourcecode.swift; path = ServiceEndPoint.swift; sourceTree = "<group>"; };
		BEDB9795276B60CD0014A5FA /* RestaurantRepositoryListInterface.swift */ = {isa = PBXFileReference; lastKnownFileType = sourcecode.swift; path = RestaurantRepositoryListInterface.swift; sourceTree = "<group>"; };
		BEDB9798276B771B0014A5FA /* RepositoryRestaurantList.swift */ = {isa = PBXFileReference; lastKnownFileType = sourcecode.swift; path = RepositoryRestaurantList.swift; sourceTree = "<group>"; };
		BEDB979B276B77E30014A5FA /* Decoder.swift */ = {isa = PBXFileReference; lastKnownFileType = sourcecode.swift; path = Decoder.swift; sourceTree = "<group>"; };
		BEDB97A2276B81260014A5FA /* testRestaurantRepository.swift */ = {isa = PBXFileReference; lastKnownFileType = sourcecode.swift; path = testRestaurantRepository.swift; sourceTree = "<group>"; };
		BEDB97C9276B8A960014A5FA /* Restaurant-getlist-usercase.swift */ = {isa = PBXFileReference; lastKnownFileType = sourcecode.swift; path = "Restaurant-getlist-usercase.swift"; sourceTree = "<group>"; };
		BEDB97CB276B8B270014A5FA /* Restaurant-saveFav-usercase.swift */ = {isa = PBXFileReference; lastKnownFileType = sourcecode.swift; path = "Restaurant-saveFav-usercase.swift"; sourceTree = "<group>"; };
		BEDB97CD276B8B380014A5FA /* Restaurant-getFav-usercase.swift */ = {isa = PBXFileReference; lastKnownFileType = sourcecode.swift; path = "Restaurant-getFav-usercase.swift"; sourceTree = "<group>"; };
		BEDB97D0276B91250014A5FA /* Usercase.swift */ = {isa = PBXFileReference; lastKnownFileType = sourcecode.swift; path = Usercase.swift; sourceTree = "<group>"; };
		BEDB97D6276BA0040014A5FA /* testRestaurantUserCases.swift */ = {isa = PBXFileReference; lastKnownFileType = sourcecode.swift; path = testRestaurantUserCases.swift; sourceTree = "<group>"; };
		BEDB97DC276BA4130014A5FA /* RestaurantRepositoryFavouriteInterface.swift */ = {isa = PBXFileReference; lastKnownFileType = sourcecode.swift; path = RestaurantRepositoryFavouriteInterface.swift; sourceTree = "<group>"; };
		BEDB97DE276BA6330014A5FA /* RepositoryRestaurantFavourite.swift */ = {isa = PBXFileReference; lastKnownFileType = sourcecode.swift; path = RepositoryRestaurantFavourite.swift; sourceTree = "<group>"; };
		BEDB97E3276BADD20014A5FA /* PersistenceStorageInterface.swift */ = {isa = PBXFileReference; lastKnownFileType = sourcecode.swift; path = PersistenceStorageInterface.swift; sourceTree = "<group>"; };
		BEDB97E9276BBE1F0014A5FA /* LocalDataStorage.swift */ = {isa = PBXFileReference; lastKnownFileType = sourcecode.swift; path = LocalDataStorage.swift; sourceTree = "<group>"; };
		BEDB97ED276BC0010014A5FA /* LocalDataStorage.xcdatamodel */ = {isa = PBXFileReference; lastKnownFileType = wrapper.xcdatamodel; path = LocalDataStorage.xcdatamodel; sourceTree = "<group>"; };
		BEDB97F0276BE8220014A5FA /* RestaurantEntity+Mapping.swift */ = {isa = PBXFileReference; lastKnownFileType = sourcecode.swift; path = "RestaurantEntity+Mapping.swift"; sourceTree = "<group>"; };
		BEDB97F4276BFF340014A5FA /* LocalStorageRestaurantFavourite.swift */ = {isa = PBXFileReference; lastKnownFileType = sourcecode.swift; path = LocalStorageRestaurantFavourite.swift; sourceTree = "<group>"; };
		BEDB97FB276C07310014A5FA /* testLocalStorageRestaurant.swift */ = {isa = PBXFileReference; lastKnownFileType = sourcecode.swift; path = testLocalStorageRestaurant.swift; sourceTree = "<group>"; };
		BEDB9803276CAFE30014A5FA /* CacheDataStorage.swift */ = {isa = PBXFileReference; lastKnownFileType = sourcecode.swift; path = CacheDataStorage.swift; sourceTree = "<group>"; };
		BEDB9805276CC09E0014A5FA /* testCacheStorage.swift */ = {isa = PBXFileReference; lastKnownFileType = sourcecode.swift; path = testCacheStorage.swift; sourceTree = "<group>"; };
		BEDB9808276CC12C0014A5FA /* CacheStorageInterfaces.swift */ = {isa = PBXFileReference; lastKnownFileType = sourcecode.swift; path = CacheStorageInterfaces.swift; sourceTree = "<group>"; };
		BEDB980A276CC61C0014A5FA /* Picture-getRestaurantImage-usercase.swift */ = {isa = PBXFileReference; lastKnownFileType = sourcecode.swift; path = "Picture-getRestaurantImage-usercase.swift"; sourceTree = "<group>"; };
		BEDB980C276CC83F0014A5FA /* PictureRepository.swift */ = {isa = PBXFileReference; lastKnownFileType = sourcecode.swift; path = PictureRepository.swift; sourceTree = "<group>"; };
		BEDB980F276CD0840014A5FA /* RepositoryPicture.swift */ = {isa = PBXFileReference; lastKnownFileType = sourcecode.swift; path = RepositoryPicture.swift; sourceTree = "<group>"; };
		BEDB9815276CE0000014A5FA /* RepositoryFactory.swift */ = {isa = PBXFileReference; lastKnownFileType = sourcecode.swift; path = RepositoryFactory.swift; sourceTree = "<group>"; };
		BEDB9819276CE2CB0014A5FA /* ViewModelFactory.swift */ = {isa = PBXFileReference; lastKnownFileType = sourcecode.swift; path = ViewModelFactory.swift; sourceTree = "<group>"; };
		BEDB981B276CE2EB0014A5FA /* UsecaseFactory.swift */ = {isa = PBXFileReference; lastKnownFileType = sourcecode.swift; path = UsecaseFactory.swift; sourceTree = "<group>"; };
		BEDB981E276CE5700014A5FA /* ServicesFactory.swift */ = {isa = PBXFileReference; lastKnownFileType = sourcecode.swift; path = ServicesFactory.swift; sourceTree = "<group>"; };
		BEDB9822276CED490014A5FA /* testRestaurantPictureRepository.swift */ = {isa = PBXFileReference; lastKnownFileType = sourcecode.swift; path = testRestaurantPictureRepository.swift; sourceTree = "<group>"; };
		BEDB9826276D0B9A0014A5FA /* testRestaurantFavouriteRepository.swift */ = {isa = PBXFileReference; lastKnownFileType = sourcecode.swift; path = testRestaurantFavouriteRepository.swift; sourceTree = "<group>"; };
		BEDB9828276E41320014A5FA /* testRestaurantFavouriteUsercases.swift */ = {isa = PBXFileReference; lastKnownFileType = sourcecode.swift; path = testRestaurantFavouriteUsercases.swift; sourceTree = "<group>"; };
		BEDB982A276E448B0014A5FA /* testRestaurantPictureUsercase.swift */ = {isa = PBXFileReference; lastKnownFileType = sourcecode.swift; path = testRestaurantPictureUsercase.swift; sourceTree = "<group>"; };
		BEDB982C276E45350014A5FA /* Restaurant-removeFav-usercase.swift */ = {isa = PBXFileReference; lastKnownFileType = sourcecode.swift; path = "Restaurant-removeFav-usercase.swift"; sourceTree = "<group>"; };
		BEDB9832276E58700014A5FA /* RestaurantListViewController.swift */ = {isa = PBXFileReference; lastKnownFileType = sourcecode.swift; path = RestaurantListViewController.swift; sourceTree = "<group>"; };
		BEDB9834276E58900014A5FA /* RestaurantCell.swift */ = {isa = PBXFileReference; lastKnownFileType = sourcecode.swift; path = RestaurantCell.swift; sourceTree = "<group>"; };
		BEDB9839276E5C030014A5FA /* CoordinatosFactory.swift */ = {isa = PBXFileReference; lastKnownFileType = sourcecode.swift; path = CoordinatosFactory.swift; sourceTree = "<group>"; };
		BEDB983B276E5CA20014A5FA /* Coordinator.swift */ = {isa = PBXFileReference; lastKnownFileType = sourcecode.swift; path = Coordinator.swift; sourceTree = "<group>"; };
		BEDB983D276E5CAA0014A5FA /* Router.swift */ = {isa = PBXFileReference; lastKnownFileType = sourcecode.swift; path = Router.swift; sourceTree = "<group>"; };
		BEDB9840276E5D110014A5FA /* RestaurantListCoordinator.swift */ = {isa = PBXFileReference; lastKnownFileType = sourcecode.swift; path = RestaurantListCoordinator.swift; sourceTree = "<group>"; };
/* End PBXFileReference section */

/* Begin PBXFrameworksBuildPhase section */
		BE5B8DD7276AA0700060C847 /* Frameworks */ = {
			isa = PBXFrameworksBuildPhase;
			buildActionMask = 2147483647;
			files = (
				BEDB9838276E593B0014A5FA /* PinLayout in Frameworks */,
			);
			runOnlyForDeploymentPostprocessing = 0;
		};
		BE5B8E42276AAF040060C847 /* Frameworks */ = {
			isa = PBXFrameworksBuildPhase;
			buildActionMask = 2147483647;
			files = (
			);
			runOnlyForDeploymentPostprocessing = 0;
		};
/* End PBXFrameworksBuildPhase section */

/* Begin PBXGroup section */
		BE5B8DD1276AA0700060C847 = {
			isa = PBXGroup;
			children = (
				BE5B8DDC276AA0710060C847 /* Minifork */,
				BE5B8E46276AAF040060C847 /* MiniforkTests */,
				BE5B8DDB276AA0710060C847 /* Products */,
			);
			sourceTree = "<group>";
		};
		BE5B8DDB276AA0710060C847 /* Products */ = {
			isa = PBXGroup;
			children = (
				BE5B8DDA276AA0710060C847 /* Minifork.app */,
				BE5B8E45276AAF040060C847 /* MiniforkTests.xctest */,
			);
			name = Products;
			sourceTree = "<group>";
		};
		BE5B8DDC276AA0710060C847 /* Minifork */ = {
			isa = PBXGroup;
			children = (
				BE5B8DF6276AA6690060C847 /* Utils */,
				BE5B8DF5276AA6430060C847 /* NetworkService */,
				BE5B8DF4276AA63E0060C847 /* Data */,
				BE5B8DF2276AA62B0060C847 /* Domain */,
				BE5B8DF1276AA5FE0060C847 /* Application */,
			);
			path = Minifork;
			sourceTree = "<group>";
		};
		BE5B8DF1276AA5FE0060C847 /* Application */ = {
			isa = PBXGroup;
			children = (
				BEDB982E276E57010014A5FA /* Scenes */,
				BEDB9817276CE0090014A5FA /* Factories */,
				BE5B8DEB276AA0750060C847 /* Info.plist */,
				BE5B8DE6276AA0750060C847 /* Assets.xcassets */,
				BE5B8DDD276AA0710060C847 /* AppDelegate.swift */,
				BE5B8DE8276AA0750060C847 /* LaunchScreen.storyboard */,
			);
			path = Application;
			sourceTree = "<group>";
		};
		BE5B8DF2276AA62B0060C847 /* Domain */ = {
			isa = PBXGroup;
			children = (
				BEDB97C8276B8A7F0014A5FA /* UserCases */,
				BE5B8DF3276AA6320060C847 /* Entities */,
			);
			path = Domain;
			sourceTree = "<group>";
		};
		BE5B8DF3276AA6320060C847 /* Entities */ = {
			isa = PBXGroup;
			children = (
				BEDB9782276B52540014A5FA /* Restaurant.swift */,
			);
			path = Entities;
			sourceTree = "<group>";
		};
		BE5B8DF4276AA63E0060C847 /* Data */ = {
			isa = PBXGroup;
			children = (
				BEDB97E0276BAB9F0014A5FA /* PersistentStorage */,
				BEDB9792276B60A70014A5FA /* Repository */,
				BEDB9784276B53B60014A5FA /* Services */,
			);
			path = Data;
			sourceTree = "<group>";
		};
		BE5B8DF5276AA6430060C847 /* NetworkService */ = {
			isa = PBXGroup;
			children = (
				BE5B8E33276AAEC40060C847 /* Implementations */,
			);
			path = NetworkService;
			sourceTree = "<group>";
		};
		BE5B8DF6276AA6690060C847 /* Utils */ = {
			isa = PBXGroup;
			children = (
				BE5B8DF7276AA6740060C847 /* Alias.swift */,
				BE5B8DFA276AA6810060C847 /* NetworkExtensions.swift */,
				BEDB979B276B77E30014A5FA /* Decoder.swift */,
				BEDB983B276E5CA20014A5FA /* Coordinator.swift */,
				BEDB983D276E5CAA0014A5FA /* Router.swift */,
			);
			path = Utils;
			sourceTree = "<group>";
		};
		BE5B8E33276AAEC40060C847 /* Implementations */ = {
			isa = PBXGroup;
			children = (
				BE5B8DFC276AA6960060C847 /* Core.swift */,
				BE5B8DFE276AA69D0060C847 /* Log.swift */,
				BE5B8E00276AA6A60060C847 /* Request.swift */,
				BE5B8E02276AA6C10060C847 /* EndPoint.swift */,
				BE5B8E05276AA6DB0060C847 /* Session.swift */,
				BE5B8E09276AA90C0060C847 /* Error.swift */,
				BE5B8E0B276AAA9F0060C847 /* Configuration.swift */,
			);
			path = Implementations;
			sourceTree = "<group>";
		};
		BE5B8E46276AAF040060C847 /* MiniforkTests */ = {
			isa = PBXGroup;
			children = (
				BEDB97F8276C07080014A5FA /* LocalStorage */,
				BEDB97D3276B9E0F0014A5FA /* Usercase */,
				BEDB979F276B7F430014A5FA /* Repository */,
				BEDB977F276B449E0014A5FA /* Service */,
				BE5B8E4E276AAF130060C847 /* ViewModels */,
			);
			path = MiniforkTests;
			sourceTree = "<group>";
		};
		BE5B8E4E276AAF130060C847 /* ViewModels */ = {
			isa = PBXGroup;
			children = (
			);
			path = ViewModels;
			sourceTree = "<group>";
		};
		BEDB977F276B449E0014A5FA /* Service */ = {
			isa = PBXGroup;
			children = (
				BEDB9780276B44B60014A5FA /* testBasicRequest.swift */,
			);
			path = Service;
			sourceTree = "<group>";
		};
		BEDB9784276B53B60014A5FA /* Services */ = {
			isa = PBXGroup;
			children = (
				BE5B8E07276AA6E50060C847 /* NetworkServiceInterfaces.swift */,
				BEDB978C276B59150014A5FA /* Requests + EndPoints */,
				BEDB9786276B53C90014A5FA /* Boundaries */,
				BEDB9785276B53BB0014A5FA /* DataMapping */,
			);
			path = Services;
			sourceTree = "<group>";
		};
		BEDB9785276B53BB0014A5FA /* DataMapping */ = {
			isa = PBXGroup;
			children = (
				BEDB978A276B542C0014A5FA /* Restaurant+DTO.swift */,
			);
			path = DataMapping;
			sourceTree = "<group>";
		};
		BEDB9786276B53C90014A5FA /* Boundaries */ = {
			isa = PBXGroup;
			children = (
				BEDB9788276B54160014A5FA /* ServiceBoundaries.swift */,
			);
			path = Boundaries;
			sourceTree = "<group>";
		};
		BEDB978C276B59150014A5FA /* Requests + EndPoints */ = {
			isa = PBXGroup;
			children = (
				BEDB978D276B593B0014A5FA /* ServiceRequest.swift */,
				BEDB9790276B598D0014A5FA /* ServiceEndPoint.swift */,
			);
			path = "Requests + EndPoints";
			sourceTree = "<group>";
		};
		BEDB9792276B60A70014A5FA /* Repository */ = {
			isa = PBXGroup;
			children = (
				BEDB9794276B60B40014A5FA /* Implementation */,
				BEDB9793276B60B00014A5FA /* Interfaces */,
			);
			path = Repository;
			sourceTree = "<group>";
		};
		BEDB9793276B60B00014A5FA /* Interfaces */ = {
			isa = PBXGroup;
			children = (
				BEDB9795276B60CD0014A5FA /* RestaurantRepositoryListInterface.swift */,
				BEDB97DC276BA4130014A5FA /* RestaurantRepositoryFavouriteInterface.swift */,
				BEDB980C276CC83F0014A5FA /* PictureRepository.swift */,
			);
			path = Interfaces;
			sourceTree = "<group>";
		};
		BEDB9794276B60B40014A5FA /* Implementation */ = {
			isa = PBXGroup;
			children = (
				BEDB9798276B771B0014A5FA /* RepositoryRestaurantList.swift */,
				BEDB97DE276BA6330014A5FA /* RepositoryRestaurantFavourite.swift */,
				BEDB980F276CD0840014A5FA /* RepositoryPicture.swift */,
			);
			path = Implementation;
			sourceTree = "<group>";
		};
		BEDB979F276B7F430014A5FA /* Repository */ = {
			isa = PBXGroup;
			children = (
				BEDB97A2276B81260014A5FA /* testRestaurantRepository.swift */,
				BEDB9822276CED490014A5FA /* testRestaurantPictureRepository.swift */,
				BEDB9826276D0B9A0014A5FA /* testRestaurantFavouriteRepository.swift */,
			);
			path = Repository;
			sourceTree = "<group>";
		};
		BEDB97C8276B8A7F0014A5FA /* UserCases */ = {
			isa = PBXGroup;
			children = (
				BEDB97D2276B91290014A5FA /* Implementations */,
				BEDB97CF276B91030014A5FA /* Protocol */,
			);
			path = UserCases;
			sourceTree = "<group>";
		};
		BEDB97CF276B91030014A5FA /* Protocol */ = {
			isa = PBXGroup;
			children = (
				BEDB97D0276B91250014A5FA /* Usercase.swift */,
			);
			path = Protocol;
			sourceTree = "<group>";
		};
		BEDB97D2276B91290014A5FA /* Implementations */ = {
			isa = PBXGroup;
			children = (
				BEDB97C9276B8A960014A5FA /* Restaurant-getlist-usercase.swift */,
				BEDB97CB276B8B270014A5FA /* Restaurant-saveFav-usercase.swift */,
				BEDB97CD276B8B380014A5FA /* Restaurant-getFav-usercase.swift */,
				BEDB982C276E45350014A5FA /* Restaurant-removeFav-usercase.swift */,
				BEDB980A276CC61C0014A5FA /* Picture-getRestaurantImage-usercase.swift */,
			);
			path = Implementations;
			sourceTree = "<group>";
		};
		BEDB97D3276B9E0F0014A5FA /* Usercase */ = {
			isa = PBXGroup;
			children = (
				BEDB97D6276BA0040014A5FA /* testRestaurantUserCases.swift */,
				BEDB9828276E41320014A5FA /* testRestaurantFavouriteUsercases.swift */,
				BEDB982A276E448B0014A5FA /* testRestaurantPictureUsercase.swift */,
			);
			path = Usercase;
			sourceTree = "<group>";
		};
		BEDB97E0276BAB9F0014A5FA /* PersistentStorage */ = {
			isa = PBXGroup;
			children = (
				BEDB980E276CCC3A0014A5FA /* Implementations */,
				BEDB97E5276BBDD80014A5FA /* Local */,
				BEDB9807276CC1020014A5FA /* Cache */,
			);
			path = PersistentStorage;
			sourceTree = "<group>";
		};
		BEDB97E5276BBDD80014A5FA /* Local */ = {
			isa = PBXGroup;
			children = (
				BEDB97E3276BADD20014A5FA /* PersistenceStorageInterface.swift */,
				BEDB97EF276BE7FB0014A5FA /* EntityMapping */,
				BEDB97E9276BBE1F0014A5FA /* LocalDataStorage.swift */,
				BEDB97EC276BC0010014A5FA /* LocalDataStorage.xcdatamodeld */,
			);
			path = Local;
			sourceTree = "<group>";
		};
		BEDB97EF276BE7FB0014A5FA /* EntityMapping */ = {
			isa = PBXGroup;
			children = (
				BEDB97F0276BE8220014A5FA /* RestaurantEntity+Mapping.swift */,
			);
			path = EntityMapping;
			sourceTree = "<group>";
		};
		BEDB97F8276C07080014A5FA /* LocalStorage */ = {
			isa = PBXGroup;
			children = (
				BEDB97FB276C07310014A5FA /* testLocalStorageRestaurant.swift */,
				BEDB9805276CC09E0014A5FA /* testCacheStorage.swift */,
			);
			path = LocalStorage;
			sourceTree = "<group>";
		};
		BEDB9807276CC1020014A5FA /* Cache */ = {
			isa = PBXGroup;
			children = (
				BEDB9808276CC12C0014A5FA /* CacheStorageInterfaces.swift */,
				BEDB9803276CAFE30014A5FA /* CacheDataStorage.swift */,
			);
			path = Cache;
			sourceTree = "<group>";
		};
		BEDB980E276CCC3A0014A5FA /* Implementations */ = {
			isa = PBXGroup;
			children = (
				BEDB97F4276BFF340014A5FA /* LocalStorageRestaurantFavourite.swift */,
			);
			path = Implementations;
			sourceTree = "<group>";
		};
		BEDB9817276CE0090014A5FA /* Factories */ = {
			isa = PBXGroup;
			children = (
				BEDB9815276CE0000014A5FA /* RepositoryFactory.swift */,
				BEDB9819276CE2CB0014A5FA /* ViewModelFactory.swift */,
				BEDB981B276CE2EB0014A5FA /* UsecaseFactory.swift */,
				BEDB981E276CE5700014A5FA /* ServicesFactory.swift */,
				BEDB9839276E5C030014A5FA /* CoordinatosFactory.swift */,
			);
			path = Factories;
			sourceTree = "<group>";
		};
		BEDB982E276E57010014A5FA /* Scenes */ = {
			isa = PBXGroup;
			children = (
				BEDB982F276E57720014A5FA /* RestaurantList */,
			);
			path = Scenes;
			sourceTree = "<group>";
		};
		BEDB982F276E57720014A5FA /* RestaurantList */ = {
			isa = PBXGroup;
			children = (
				BEDB9840276E5D110014A5FA /* RestaurantListCoordinator.swift */,
				BEDB9831276E57840014A5FA /* ViewModels */,
				BEDB9830276E57800014A5FA /* View+Controllers */,
			);
			path = RestaurantList;
			sourceTree = "<group>";
		};
		BEDB9830276E57800014A5FA /* View+Controllers */ = {
			isa = PBXGroup;
			children = (
				BEDB9832276E58700014A5FA /* RestaurantListViewController.swift */,
				BEDB9834276E58900014A5FA /* RestaurantCell.swift */,
			);
			path = "View+Controllers";
			sourceTree = "<group>";
		};
		BEDB9831276E57840014A5FA /* ViewModels */ = {
			isa = PBXGroup;
			children = (
			);
			path = ViewModels;
			sourceTree = "<group>";
		};
/* End PBXGroup section */

/* Begin PBXNativeTarget section */
		BE5B8DD9276AA0700060C847 /* Minifork */ = {
			isa = PBXNativeTarget;
			buildConfigurationList = BE5B8DEE276AA0750060C847 /* Build configuration list for PBXNativeTarget "Minifork" */;
			buildPhases = (
				BE5B8DD6276AA0700060C847 /* Sources */,
				BE5B8DD7276AA0700060C847 /* Frameworks */,
				BE5B8DD8276AA0700060C847 /* Resources */,
			);
			buildRules = (
			);
			dependencies = (
			);
			name = Minifork;
			packageProductDependencies = (
				BEDB9837276E593B0014A5FA /* PinLayout */,
			);
			productName = Minifork;
			productReference = BE5B8DDA276AA0710060C847 /* Minifork.app */;
			productType = "com.apple.product-type.application";
		};
		BE5B8E44276AAF040060C847 /* MiniforkTests */ = {
			isa = PBXNativeTarget;
			buildConfigurationList = BE5B8E4B276AAF040060C847 /* Build configuration list for PBXNativeTarget "MiniforkTests" */;
			buildPhases = (
				BE5B8E41276AAF040060C847 /* Sources */,
				BE5B8E42276AAF040060C847 /* Frameworks */,
				BE5B8E43276AAF040060C847 /* Resources */,
			);
			buildRules = (
			);
			dependencies = (
				BE5B8E4A276AAF040060C847 /* PBXTargetDependency */,
			);
			name = MiniforkTests;
			productName = MiniforkTests;
			productReference = BE5B8E45276AAF040060C847 /* MiniforkTests.xctest */;
			productType = "com.apple.product-type.bundle.unit-test";
		};
/* End PBXNativeTarget section */

/* Begin PBXProject section */
		BE5B8DD2276AA0700060C847 /* Project object */ = {
			isa = PBXProject;
			attributes = {
				BuildIndependentTargetsInParallel = 1;
				LastSwiftUpdateCheck = 1310;
				LastUpgradeCheck = 1310;
				TargetAttributes = {
					BE5B8DD9276AA0700060C847 = {
						CreatedOnToolsVersion = 13.1;
					};
					BE5B8E44276AAF040060C847 = {
						CreatedOnToolsVersion = 13.1;
						TestTargetID = BE5B8DD9276AA0700060C847;
					};
				};
			};
			buildConfigurationList = BE5B8DD5276AA0700060C847 /* Build configuration list for PBXProject "Minifork" */;
			compatibilityVersion = "Xcode 13.0";
			developmentRegion = en;
			hasScannedForEncodings = 0;
			knownRegions = (
				en,
				Base,
			);
			mainGroup = BE5B8DD1276AA0700060C847;
			packageReferences = (
				BEDB9836276E593B0014A5FA /* XCRemoteSwiftPackageReference "PinLayout" */,
			);
			productRefGroup = BE5B8DDB276AA0710060C847 /* Products */;
			projectDirPath = "";
			projectRoot = "";
			targets = (
				BE5B8DD9276AA0700060C847 /* Minifork */,
				BE5B8E44276AAF040060C847 /* MiniforkTests */,
			);
		};
/* End PBXProject section */

/* Begin PBXResourcesBuildPhase section */
		BE5B8DD8276AA0700060C847 /* Resources */ = {
			isa = PBXResourcesBuildPhase;
			buildActionMask = 2147483647;
			files = (
				BE5B8DEA276AA0750060C847 /* LaunchScreen.storyboard in Resources */,
				BE5B8DE7276AA0750060C847 /* Assets.xcassets in Resources */,
			);
			runOnlyForDeploymentPostprocessing = 0;
		};
		BE5B8E43276AAF040060C847 /* Resources */ = {
			isa = PBXResourcesBuildPhase;
			buildActionMask = 2147483647;
			files = (
			);
			runOnlyForDeploymentPostprocessing = 0;
		};
/* End PBXResourcesBuildPhase section */

/* Begin PBXSourcesBuildPhase section */
		BE5B8DD6276AA0700060C847 /* Sources */ = {
			isa = PBXSourcesBuildPhase;
			buildActionMask = 2147483647;
			files = (
				BEDB981C276CE2EB0014A5FA /* UsecaseFactory.swift in Sources */,
				BEDB978B276B542C0014A5FA /* Restaurant+DTO.swift in Sources */,
				BE5B8DF8276AA6740060C847 /* Alias.swift in Sources */,
				BEDB9799276B771B0014A5FA /* RepositoryRestaurantList.swift in Sources */,
				BEDB980B276CC61C0014A5FA /* Picture-getRestaurantImage-usercase.swift in Sources */,
				BEDB97F5276BFF340014A5FA /* LocalStorageRestaurantFavourite.swift in Sources */,
				BEDB9835276E58900014A5FA /* RestaurantCell.swift in Sources */,
				BE5B8E01276AA6A60060C847 /* Request.swift in Sources */,
				BE5B8DFB276AA6810060C847 /* NetworkExtensions.swift in Sources */,
				BEDB9796276B60CD0014A5FA /* RestaurantRepositoryListInterface.swift in Sources */,
				BEDB97EA276BBE1F0014A5FA /* LocalDataStorage.swift in Sources */,
				BE5B8E08276AA6E50060C847 /* NetworkServiceInterfaces.swift in Sources */,
				BEDB9810276CD0840014A5FA /* RepositoryPicture.swift in Sources */,
				BEDB97EE276BC0010014A5FA /* LocalDataStorage.xcdatamodeld in Sources */,
				BEDB978E276B593B0014A5FA /* ServiceRequest.swift in Sources */,
				BEDB9789276B54160014A5FA /* ServiceBoundaries.swift in Sources */,
				BEDB982D276E45350014A5FA /* Restaurant-removeFav-usercase.swift in Sources */,
				BE5B8DFF276AA69D0060C847 /* Log.swift in Sources */,
				BEDB97F1276BE8220014A5FA /* RestaurantEntity+Mapping.swift in Sources */,
				BEDB980D276CC83F0014A5FA /* PictureRepository.swift in Sources */,
				BE5B8E06276AA6DB0060C847 /* Session.swift in Sources */,
				BEDB9841276E5D110014A5FA /* RestaurantListCoordinator.swift in Sources */,
				BE5B8DFD276AA6960060C847 /* Core.swift in Sources */,
				BEDB983E276E5CAA0014A5FA /* Router.swift in Sources */,
				BEDB9833276E58700014A5FA /* RestaurantListViewController.swift in Sources */,
				BEDB97E4276BADD20014A5FA /* PersistenceStorageInterface.swift in Sources */,
				BE5B8E03276AA6C10060C847 /* EndPoint.swift in Sources */,
				BEDB97CE276B8B380014A5FA /* Restaurant-getFav-usercase.swift in Sources */,
				BEDB9804276CAFE30014A5FA /* CacheDataStorage.swift in Sources */,
				BEDB97CC276B8B270014A5FA /* Restaurant-saveFav-usercase.swift in Sources */,
				BEDB983C276E5CA20014A5FA /* Coordinator.swift in Sources */,
				BEDB9816276CE0000014A5FA /* RepositoryFactory.swift in Sources */,
				BEDB981A276CE2CB0014A5FA /* ViewModelFactory.swift in Sources */,
				BEDB9791276B598D0014A5FA /* ServiceEndPoint.swift in Sources */,
				BEDB9783276B52540014A5FA /* Restaurant.swift in Sources */,
				BEDB9809276CC12C0014A5FA /* CacheStorageInterfaces.swift in Sources */,
				BE5B8E0A276AA90C0060C847 /* Error.swift in Sources */,
				BE5B8DDE276AA0710060C847 /* AppDelegate.swift in Sources */,
				BEDB97DF276BA6330014A5FA /* RepositoryRestaurantFavourite.swift in Sources */,
				BEDB97D1276B91250014A5FA /* Usercase.swift in Sources */,
				BEDB97DD276BA4130014A5FA /* RestaurantRepositoryFavouriteInterface.swift in Sources */,
				BEDB981F276CE5700014A5FA /* ServicesFactory.swift in Sources */,
				BEDB97CA276B8A960014A5FA /* Restaurant-getlist-usercase.swift in Sources */,
				BEDB983A276E5C030014A5FA /* CoordinatosFactory.swift in Sources */,
				BE5B8E0C276AAA9F0060C847 /* Configuration.swift in Sources */,
				BEDB979C276B77E30014A5FA /* Decoder.swift in Sources */,
			);
			runOnlyForDeploymentPostprocessing = 0;
		};
		BE5B8E41276AAF040060C847 /* Sources */ = {
			isa = PBXSourcesBuildPhase;
			buildActionMask = 2147483647;
			files = (
				BEDB982B276E448B0014A5FA /* testRestaurantPictureUsercase.swift in Sources */,
				BEDB9806276CC09E0014A5FA /* testCacheStorage.swift in Sources */,
				BEDB97AC276B81810014A5FA /* testBasicRequest.swift in Sources */,
				BEDB97D7276BA0040014A5FA /* testRestaurantUserCases.swift in Sources */,
				BEDB97FC276C07310014A5FA /* testLocalStorageRestaurant.swift in Sources */,
				BEDB97F6276C02190014A5FA /* LocalDataStorage.xcdatamodeld in Sources */,
				BEDB9823276CED490014A5FA /* testRestaurantPictureRepository.swift in Sources */,
				BEDB9827276D0B9A0014A5FA /* testRestaurantFavouriteRepository.swift in Sources */,
				BEDB97A3276B81260014A5FA /* testRestaurantRepository.swift in Sources */,
				BEDB9829276E41320014A5FA /* testRestaurantFavouriteUsercases.swift in Sources */,
			);
			runOnlyForDeploymentPostprocessing = 0;
		};
/* End PBXSourcesBuildPhase section */

/* Begin PBXTargetDependency section */
		BE5B8E4A276AAF040060C847 /* PBXTargetDependency */ = {
			isa = PBXTargetDependency;
			target = BE5B8DD9276AA0700060C847 /* Minifork */;
			targetProxy = BE5B8E49276AAF040060C847 /* PBXContainerItemProxy */;
		};
/* End PBXTargetDependency section */

/* Begin PBXVariantGroup section */
		BE5B8DE8276AA0750060C847 /* LaunchScreen.storyboard */ = {
			isa = PBXVariantGroup;
			children = (
				BE5B8DE9276AA0750060C847 /* Base */,
			);
			name = LaunchScreen.storyboard;
			sourceTree = "<group>";
		};
/* End PBXVariantGroup section */

/* Begin XCBuildConfiguration section */
		BE5B8DEC276AA0750060C847 /* Debug */ = {
			isa = XCBuildConfiguration;
			buildSettings = {
				ALWAYS_SEARCH_USER_PATHS = NO;
				CLANG_ANALYZER_NONNULL = YES;
				CLANG_ANALYZER_NUMBER_OBJECT_CONVERSION = YES_AGGRESSIVE;
				CLANG_CXX_LANGUAGE_STANDARD = "gnu++17";
				CLANG_CXX_LIBRARY = "libc++";
				CLANG_ENABLE_MODULES = YES;
				CLANG_ENABLE_OBJC_ARC = YES;
				CLANG_ENABLE_OBJC_WEAK = YES;
				CLANG_WARN_BLOCK_CAPTURE_AUTORELEASING = YES;
				CLANG_WARN_BOOL_CONVERSION = YES;
				CLANG_WARN_COMMA = YES;
				CLANG_WARN_CONSTANT_CONVERSION = YES;
				CLANG_WARN_DEPRECATED_OBJC_IMPLEMENTATIONS = YES;
				CLANG_WARN_DIRECT_OBJC_ISA_USAGE = YES_ERROR;
				CLANG_WARN_DOCUMENTATION_COMMENTS = YES;
				CLANG_WARN_EMPTY_BODY = YES;
				CLANG_WARN_ENUM_CONVERSION = YES;
				CLANG_WARN_INFINITE_RECURSION = YES;
				CLANG_WARN_INT_CONVERSION = YES;
				CLANG_WARN_NON_LITERAL_NULL_CONVERSION = YES;
				CLANG_WARN_OBJC_IMPLICIT_RETAIN_SELF = YES;
				CLANG_WARN_OBJC_LITERAL_CONVERSION = YES;
				CLANG_WARN_OBJC_ROOT_CLASS = YES_ERROR;
				CLANG_WARN_QUOTED_INCLUDE_IN_FRAMEWORK_HEADER = YES;
				CLANG_WARN_RANGE_LOOP_ANALYSIS = YES;
				CLANG_WARN_STRICT_PROTOTYPES = YES;
				CLANG_WARN_SUSPICIOUS_MOVE = YES;
				CLANG_WARN_UNGUARDED_AVAILABILITY = YES_AGGRESSIVE;
				CLANG_WARN_UNREACHABLE_CODE = YES;
				CLANG_WARN__DUPLICATE_METHOD_MATCH = YES;
				COPY_PHASE_STRIP = NO;
				DEBUG_INFORMATION_FORMAT = dwarf;
				ENABLE_STRICT_OBJC_MSGSEND = YES;
				ENABLE_TESTABILITY = YES;
				GCC_C_LANGUAGE_STANDARD = gnu11;
				GCC_DYNAMIC_NO_PIC = NO;
				GCC_NO_COMMON_BLOCKS = YES;
				GCC_OPTIMIZATION_LEVEL = 0;
				GCC_PREPROCESSOR_DEFINITIONS = (
					"DEBUG=1",
					"$(inherited)",
				);
				GCC_WARN_64_TO_32_BIT_CONVERSION = YES;
				GCC_WARN_ABOUT_RETURN_TYPE = YES_ERROR;
				GCC_WARN_UNDECLARED_SELECTOR = YES;
				GCC_WARN_UNINITIALIZED_AUTOS = YES_AGGRESSIVE;
				GCC_WARN_UNUSED_FUNCTION = YES;
				GCC_WARN_UNUSED_VARIABLE = YES;
				IPHONEOS_DEPLOYMENT_TARGET = 12.0;
				MTL_ENABLE_DEBUG_INFO = INCLUDE_SOURCE;
				MTL_FAST_MATH = YES;
				ONLY_ACTIVE_ARCH = YES;
				SDKROOT = iphoneos;
				SWIFT_ACTIVE_COMPILATION_CONDITIONS = DEBUG;
				SWIFT_OPTIMIZATION_LEVEL = "-Onone";
			};
			name = Debug;
		};
		BE5B8DED276AA0750060C847 /* Release */ = {
			isa = XCBuildConfiguration;
			buildSettings = {
				ALWAYS_SEARCH_USER_PATHS = NO;
				CLANG_ANALYZER_NONNULL = YES;
				CLANG_ANALYZER_NUMBER_OBJECT_CONVERSION = YES_AGGRESSIVE;
				CLANG_CXX_LANGUAGE_STANDARD = "gnu++17";
				CLANG_CXX_LIBRARY = "libc++";
				CLANG_ENABLE_MODULES = YES;
				CLANG_ENABLE_OBJC_ARC = YES;
				CLANG_ENABLE_OBJC_WEAK = YES;
				CLANG_WARN_BLOCK_CAPTURE_AUTORELEASING = YES;
				CLANG_WARN_BOOL_CONVERSION = YES;
				CLANG_WARN_COMMA = YES;
				CLANG_WARN_CONSTANT_CONVERSION = YES;
				CLANG_WARN_DEPRECATED_OBJC_IMPLEMENTATIONS = YES;
				CLANG_WARN_DIRECT_OBJC_ISA_USAGE = YES_ERROR;
				CLANG_WARN_DOCUMENTATION_COMMENTS = YES;
				CLANG_WARN_EMPTY_BODY = YES;
				CLANG_WARN_ENUM_CONVERSION = YES;
				CLANG_WARN_INFINITE_RECURSION = YES;
				CLANG_WARN_INT_CONVERSION = YES;
				CLANG_WARN_NON_LITERAL_NULL_CONVERSION = YES;
				CLANG_WARN_OBJC_IMPLICIT_RETAIN_SELF = YES;
				CLANG_WARN_OBJC_LITERAL_CONVERSION = YES;
				CLANG_WARN_OBJC_ROOT_CLASS = YES_ERROR;
				CLANG_WARN_QUOTED_INCLUDE_IN_FRAMEWORK_HEADER = YES;
				CLANG_WARN_RANGE_LOOP_ANALYSIS = YES;
				CLANG_WARN_STRICT_PROTOTYPES = YES;
				CLANG_WARN_SUSPICIOUS_MOVE = YES;
				CLANG_WARN_UNGUARDED_AVAILABILITY = YES_AGGRESSIVE;
				CLANG_WARN_UNREACHABLE_CODE = YES;
				CLANG_WARN__DUPLICATE_METHOD_MATCH = YES;
				COPY_PHASE_STRIP = NO;
				DEBUG_INFORMATION_FORMAT = "dwarf-with-dsym";
				ENABLE_NS_ASSERTIONS = NO;
				ENABLE_STRICT_OBJC_MSGSEND = YES;
				GCC_C_LANGUAGE_STANDARD = gnu11;
				GCC_NO_COMMON_BLOCKS = YES;
				GCC_WARN_64_TO_32_BIT_CONVERSION = YES;
				GCC_WARN_ABOUT_RETURN_TYPE = YES_ERROR;
				GCC_WARN_UNDECLARED_SELECTOR = YES;
				GCC_WARN_UNINITIALIZED_AUTOS = YES_AGGRESSIVE;
				GCC_WARN_UNUSED_FUNCTION = YES;
				GCC_WARN_UNUSED_VARIABLE = YES;
				IPHONEOS_DEPLOYMENT_TARGET = 12.0;
				MTL_ENABLE_DEBUG_INFO = NO;
				MTL_FAST_MATH = YES;
				SDKROOT = iphoneos;
				SWIFT_COMPILATION_MODE = wholemodule;
				SWIFT_OPTIMIZATION_LEVEL = "-O";
				VALIDATE_PRODUCT = YES;
			};
			name = Release;
		};
		BE5B8DEF276AA0750060C847 /* Debug */ = {
			isa = XCBuildConfiguration;
			buildSettings = {
				ASSETCATALOG_COMPILER_APPICON_NAME = AppIcon;
				ASSETCATALOG_COMPILER_GLOBAL_ACCENT_COLOR_NAME = AccentColor;
				CODE_SIGN_STYLE = Automatic;
				CURRENT_PROJECT_VERSION = 1;
				DEVELOPMENT_TEAM = P9B4MUP9K5;
				GENERATE_INFOPLIST_FILE = YES;
				INFOPLIST_FILE = Minifork/Application/Info.plist;
				INFOPLIST_KEY_UIApplicationSupportsIndirectInputEvents = YES;
				INFOPLIST_KEY_UILaunchStoryboardName = LaunchScreen;
				INFOPLIST_KEY_UISupportedInterfaceOrientations_iPad = "UIInterfaceOrientationPortrait UIInterfaceOrientationPortraitUpsideDown UIInterfaceOrientationLandscapeLeft UIInterfaceOrientationLandscapeRight";
				INFOPLIST_KEY_UISupportedInterfaceOrientations_iPhone = "UIInterfaceOrientationPortrait UIInterfaceOrientationLandscapeLeft UIInterfaceOrientationLandscapeRight";
				IPHONEOS_DEPLOYMENT_TARGET = 12.0;
				LD_RUNPATH_SEARCH_PATHS = (
					"$(inherited)",
					"@executable_path/Frameworks",
				);
				MARKETING_VERSION = 1.0;
				PRODUCT_BUNDLE_IDENTIFIER = nandz.Minifork;
				PRODUCT_NAME = "$(TARGET_NAME)";
				SWIFT_EMIT_LOC_STRINGS = YES;
				SWIFT_VERSION = 5.0;
				TARGETED_DEVICE_FAMILY = "1,2";
				TVOS_DEPLOYMENT_TARGET = 12.0;
			};
			name = Debug;
		};
		BE5B8DF0276AA0750060C847 /* Release */ = {
			isa = XCBuildConfiguration;
			buildSettings = {
				ASSETCATALOG_COMPILER_APPICON_NAME = AppIcon;
				ASSETCATALOG_COMPILER_GLOBAL_ACCENT_COLOR_NAME = AccentColor;
				CODE_SIGN_STYLE = Automatic;
				CURRENT_PROJECT_VERSION = 1;
				DEVELOPMENT_TEAM = P9B4MUP9K5;
				GENERATE_INFOPLIST_FILE = YES;
				INFOPLIST_FILE = Minifork/Application/Info.plist;
				INFOPLIST_KEY_UIApplicationSupportsIndirectInputEvents = YES;
				INFOPLIST_KEY_UILaunchStoryboardName = LaunchScreen;
				INFOPLIST_KEY_UISupportedInterfaceOrientations_iPad = "UIInterfaceOrientationPortrait UIInterfaceOrientationPortraitUpsideDown UIInterfaceOrientationLandscapeLeft UIInterfaceOrientationLandscapeRight";
				INFOPLIST_KEY_UISupportedInterfaceOrientations_iPhone = "UIInterfaceOrientationPortrait UIInterfaceOrientationLandscapeLeft UIInterfaceOrientationLandscapeRight";
				IPHONEOS_DEPLOYMENT_TARGET = 12.0;
				LD_RUNPATH_SEARCH_PATHS = (
					"$(inherited)",
					"@executable_path/Frameworks",
				);
				MARKETING_VERSION = 1.0;
				PRODUCT_BUNDLE_IDENTIFIER = nandz.Minifork;
				PRODUCT_NAME = "$(TARGET_NAME)";
				SWIFT_EMIT_LOC_STRINGS = YES;
				SWIFT_VERSION = 5.0;
				TARGETED_DEVICE_FAMILY = "1,2";
				TVOS_DEPLOYMENT_TARGET = 12.0;
			};
			name = Release;
		};
		BE5B8E4C276AAF040060C847 /* Debug */ = {
			isa = XCBuildConfiguration;
			buildSettings = {
				BUNDLE_LOADER = "$(TEST_HOST)";
				CODE_SIGN_STYLE = Automatic;
				CURRENT_PROJECT_VERSION = 1;
				DEVELOPMENT_TEAM = P9B4MUP9K5;
				GENERATE_INFOPLIST_FILE = YES;
				LD_RUNPATH_SEARCH_PATHS = (
					"$(inherited)",
					"@executable_path/Frameworks",
					"@loader_path/Frameworks",
				);
				MARKETING_VERSION = 1.0;
				PRODUCT_BUNDLE_IDENTIFIER = nandz.MiniforkTests;
				PRODUCT_NAME = "$(TARGET_NAME)";
				SWIFT_EMIT_LOC_STRINGS = NO;
				SWIFT_VERSION = 5.0;
				TARGETED_DEVICE_FAMILY = "1,2";
				TEST_HOST = "$(BUILT_PRODUCTS_DIR)/Minifork.app/Minifork";
			};
			name = Debug;
		};
		BE5B8E4D276AAF040060C847 /* Release */ = {
			isa = XCBuildConfiguration;
			buildSettings = {
				BUNDLE_LOADER = "$(TEST_HOST)";
				CODE_SIGN_STYLE = Automatic;
				CURRENT_PROJECT_VERSION = 1;
				DEVELOPMENT_TEAM = P9B4MUP9K5;
				GENERATE_INFOPLIST_FILE = YES;
				LD_RUNPATH_SEARCH_PATHS = (
					"$(inherited)",
					"@executable_path/Frameworks",
					"@loader_path/Frameworks",
				);
				MARKETING_VERSION = 1.0;
				PRODUCT_BUNDLE_IDENTIFIER = nandz.MiniforkTests;
				PRODUCT_NAME = "$(TARGET_NAME)";
				SWIFT_EMIT_LOC_STRINGS = NO;
				SWIFT_VERSION = 5.0;
				TARGETED_DEVICE_FAMILY = "1,2";
				TEST_HOST = "$(BUILT_PRODUCTS_DIR)/Minifork.app/Minifork";
			};
			name = Release;
		};
/* End XCBuildConfiguration section */

/* Begin XCConfigurationList section */
		BE5B8DD5276AA0700060C847 /* Build configuration list for PBXProject "Minifork" */ = {
			isa = XCConfigurationList;
			buildConfigurations = (
				BE5B8DEC276AA0750060C847 /* Debug */,
				BE5B8DED276AA0750060C847 /* Release */,
			);
			defaultConfigurationIsVisible = 0;
			defaultConfigurationName = Release;
		};
		BE5B8DEE276AA0750060C847 /* Build configuration list for PBXNativeTarget "Minifork" */ = {
			isa = XCConfigurationList;
			buildConfigurations = (
				BE5B8DEF276AA0750060C847 /* Debug */,
				BE5B8DF0276AA0750060C847 /* Release */,
			);
			defaultConfigurationIsVisible = 0;
			defaultConfigurationName = Release;
		};
		BE5B8E4B276AAF040060C847 /* Build configuration list for PBXNativeTarget "MiniforkTests" */ = {
			isa = XCConfigurationList;
			buildConfigurations = (
				BE5B8E4C276AAF040060C847 /* Debug */,
				BE5B8E4D276AAF040060C847 /* Release */,
			);
			defaultConfigurationIsVisible = 0;
			defaultConfigurationName = Release;
		};
/* End XCConfigurationList section */

/* Begin XCRemoteSwiftPackageReference section */
		BEDB9836276E593B0014A5FA /* XCRemoteSwiftPackageReference "PinLayout" */ = {
			isa = XCRemoteSwiftPackageReference;
			repositoryURL = "https://github.com/layoutBox/PinLayout";
			requirement = {
				kind = upToNextMajorVersion;
				minimumVersion = 1.0.0;
			};
		};
/* End XCRemoteSwiftPackageReference section */

/* Begin XCSwiftPackageProductDependency section */
		BEDB9837276E593B0014A5FA /* PinLayout */ = {
			isa = XCSwiftPackageProductDependency;
			package = BEDB9836276E593B0014A5FA /* XCRemoteSwiftPackageReference "PinLayout" */;
			productName = PinLayout;
		};
/* End XCSwiftPackageProductDependency section */

/* Begin XCVersionGroup section */
		BEDB97EC276BC0010014A5FA /* LocalDataStorage.xcdatamodeld */ = {
			isa = XCVersionGroup;
			children = (
				BEDB97ED276BC0010014A5FA /* LocalDataStorage.xcdatamodel */,
			);
			currentVersion = BEDB97ED276BC0010014A5FA /* LocalDataStorage.xcdatamodel */;
			path = LocalDataStorage.xcdatamodeld;
			sourceTree = "<group>";
			versionGroupType = wrapper.xcdatamodel;
		};
/* End XCVersionGroup section */
	};
	rootObject = BE5B8DD2276AA0700060C847 /* Project object */;
}
